
Microsoft Visual Studio Solution File, Format Version 12.00
# Visual Studio Version 17
VisualStudioVersion = 17.9.34616.47
MinimumVisualStudioVersion = 10.0.40219.1
Project("{8BC9CEB8-8B4A-11D0-8D11-00A0C91BC942}") = "String", "String.vcxproj", "{21F73462-CD93-491F-90D8-B1FBB3DB0770}"
EndProject
Global
	GlobalSection(SolutionConfigurationPlatforms) = preSolution
		Debug|x64 = Debug|x64
		Debug|x86 = Debug|x86
		Release|x64 = Release|x64
		Release|x86 = Release|x86
	EndGlobalSection
	GlobalSection(ProjectConfigurationPlatforms) = postSolution
		{21F73462-CD93-491F-90D8-B1FBB3DB0770}.Debug|x64.ActiveCfg = Debug|x64
		{21F73462-CD93-491F-90D8-B1FBB3DB0770}.Debug|x64.Build.0 = Debug|x64
		{21F73462-CD93-491F-90D8-B1FBB3DB0770}.Debug|x86.ActiveCfg = Debug|Win32
		{21F73462-CD93-491F-90D8-B1FBB3DB0770}.Debug|x86.Build.0 = Debug|Win32
		{21F73462-CD93-491F-90D8-B1FBB3DB0770}.Release|x64.ActiveCfg = Release|x64
		{21F73462-CD93-491F-90D8-B1FBB3DB0770}.Release|x64.Build.0 = Release|x64
		{21F73462-CD93-491F-90D8-B1FBB3DB0770}.Release|x86.ActiveCfg = Release|Win32
		{21F73462-CD93-491F-90D8-B1FBB3DB0770}.Release|x86.Build.0 = Release|Win32
	EndGlobalSection
	GlobalSection(SolutionProperties) = preSolution
		HideSolutionNode = FALSE
	EndGlobalSection
	GlobalSection(ExtensibilityGlobals) = postSolution
		SolutionGuid = {B475C65A-FBA2-4EEE-B32A-363B094B00E7}
	EndGlobalSection
EndGlobal
